{
  "nodes": {
    "agenix": {
      "inputs": {
        "darwin": "darwin",
        "home-manager": [
          "home-manager"
        ],
        "nixpkgs": [
          "nixpkgs"
        ],
        "systems": "systems"
      },
      "locked": {
        "lastModified": 1770165109,
        "narHash": "sha256-9VnK6Oqai65puVJ4WYtCTvlJeXxMzAp/69HhQuTdl/I=",
        "owner": "ryantm",
        "repo": "agenix",
        "rev": "b027ee29d959fda4b60b57566d64c98a202e0feb",
        "type": "github"
      },
      "original": {
        "owner": "ryantm",
        "repo": "agenix",
        "type": "github"
      }
    },
    "catppuccin": {
      "inputs": {
        "nixpkgs": [
          "nixpkgs"
        ]
      },
      "locked": {
        "lastModified": 1771587924,
        "narHash": "sha256-eVYOGmF8nQBhudJyU6lHdgJI87kvGz8JyCq5/Vi9Mjk=",
        "owner": "catppuccin",
        "repo": "nix",
        "rev": "b0c65edbf31c2ad3d84438d82c2310f2c28373f3",
        "type": "github"
      },
      "original": {
        "owner": "catppuccin",
        "repo": "nix",
        "type": "github"
      }
    },
    "ctp-trippy": {
      "flake": false,
      "locked": {
        "lastModified": 1768224646,
        "narHash": "sha256-Y0kQ3K7TQG84xthLcZHn+BFtLtsi4G4uKYPEcRe9iPA=",
        "owner": "PerchunPak",
        "repo": "ctp-trippy",
        "rev": "6381b6b91447a6443737d982329e21b257e93660",
        "type": "github"
      },
      "original": {
        "owner": "PerchunPak",
        "repo": "ctp-trippy",
        "type": "github"
      }
    },
    "darwin": {
      "inputs": {
        "nixpkgs": [
          "agenix",
          "nixpkgs"
        ]
      },
      "locked": {
        "lastModified": 1744478979,
        "narHash": "sha256-dyN+teG9G82G+m+PX/aSAagkC+vUv0SgUw3XkPhQodQ=",
        "owner": "lnl7",
        "repo": "nix-darwin",
        "rev": "43975d782b418ebf4969e9ccba82466728c2851b",
        "type": "github"
      },
      "original": {
        "owner": "lnl7",
        "ref": "master",
        "repo": "nix-darwin",
        "type": "github"
      }
    },
    "disko": {
      "inputs": {
        "nixpkgs": [
          "nixpkgs"
        ]
      },
      "locked": {
        "lastModified": 1771881364,
        "narHash": "sha256-A5uE/hMium5of/QGC6JwF5TGoDAfpNtW00T0s9u/PN8=",
        "owner": "nix-community",
        "repo": "disko",
        "rev": "a4cb7bf73f264d40560ba527f9280469f1f081c6",
        "type": "github"
      },
      "original": {
        "owner": "nix-community",
        "repo": "disko",
        "type": "github"
      }
    },
    "flake-compat": {
      "flake": false,
      "locked": {
        "lastModified": 1650374568,
        "narHash": "sha256-Z+s0J8/r907g149rllvwhb4pKi8Wam5ij0st8PwAh+E=",
        "owner": "edolstra",
        "repo": "flake-compat",
        "rev": "b4a34015c698c7793d592d66adbab377907a2be8",
        "type": "github"
      },
      "original": {
        "owner": "edolstra",
        "repo": "flake-compat",
        "type": "github"
      }
    },
    "flake-utils": {
      "inputs": {
        "systems": "systems_2"
      },
      "locked": {
        "lastModified": 1694529238,
        "narHash": "sha256-zsNZZGTGnMOf9YpHKJqMSsa0dXbfmxeoJ7xHlrt+xmY=",
        "owner": "numtide",
        "repo": "flake-utils",
        "rev": "ff7b65b44d01cf9ba6a71320833626af21126384",
        "type": "github"
      },
      "original": {
        "owner": "numtide",
        "repo": "flake-utils",
        "type": "github"
      }
    },
    "flake-utils-plus": {
      "inputs": {
        "flake-utils": "flake-utils"
      },
      "locked": {
        "lastModified": 1768690151,
        "narHash": "sha256-thSKCWUI900ntDPpdD1qZ7n6+KMYui14dMVRdGevXWQ=",
        "owner": "gytis-ivaskevicius",
        "repo": "flake-utils-plus",
        "rev": "14d3fa54bbb4d61ce0128793a529e57bf70ac182",
        "type": "github"
      },
      "original": {
        "owner": "gytis-ivaskevicius",
        "repo": "flake-utils-plus",
        "rev": "14d3fa54bbb4d61ce0128793a529e57bf70ac182",
        "type": "github"
      }
    },
    "flake-utils_2": {
      "inputs": {
        "systems": "systems_3"
      },
      "locked": {
        "lastModified": 1731533236,
        "narHash": "sha256-l0KFg5HjrsfsO/JpG+r7fRrqm12kzFHyUHqHCVpMMbI=",
        "owner": "numtide",
        "repo": "flake-utils",
        "rev": "11707dc2f618dd54ca8739b309ec4fc024de578b",
        "type": "github"
      },
      "original": {
        "owner": "numtide",
        "repo": "flake-utils",
        "type": "github"
      }
    },
    "flakey-profile": {
      "locked": {
        "lastModified": 1712898590,
        "narHash": "sha256-FhGIEU93VHAChKEXx905TSiPZKga69bWl1VB37FK//I=",
        "owner": "lf-",
        "repo": "flakey-profile",
        "rev": "243c903fd8eadc0f63d205665a92d4df91d42d9d",
        "type": "github"
      },
      "original": {
        "owner": "lf-",
        "repo": "flakey-profile",
        "type": "github"
      }
    },
    "home-manager": {
      "inputs": {
        "nixpkgs": [
          "nixpkgs"
        ]
      },
      "locked": {
        "lastModified": 1771851181,
        "narHash": "sha256-gFgE6mGUftwseV3DUENMb0k0EiHd739lZexPo5O/sdQ=",
        "owner": "nix-community",
        "repo": "home-manager",
        "rev": "9a4b494b1aa1b93d8edf167f46dc8e0c0011280c",
        "type": "github"
      },
      "original": {
        "owner": "nix-community",
        "repo": "home-manager",
        "type": "github"
      }
    },
    "impermanence": {
      "inputs": {
        "home-manager": [
          "home-manager"
        ],
        "nixpkgs": [
          "nixpkgs"
        ]
      },
      "locked": {
        "lastModified": 1769548169,
        "narHash": "sha256-03+JxvzmfwRu+5JafM0DLbxgHttOQZkUtDWBmeUkN8Y=",
        "owner": "nix-community",
        "repo": "impermanence",
        "rev": "7b1d382faf603b6d264f58627330f9faa5cba149",
        "type": "github"
      },
      "original": {
        "owner": "nix-community",
        "repo": "impermanence",
        "type": "github"
      }
    },
    "lix": {
      "flake": false,
      "locked": {
        "lastModified": 1771932525,
        "narHash": "sha256-xBWBRAEa3ch90Q+FIZn7idN+XOMoBn2xC/3WyCPE5Wc=",
        "rev": "6b4de44461dbd872d12eca8721f24b8756f2ee99",
        "type": "tarball",
        "url": "https://git.lix.systems/api/v1/repos/lix-project/lix/archive/6b4de44461dbd872d12eca8721f24b8756f2ee99.tar.gz"
      },
      "original": {
        "type": "tarball",
        "url": "https://git.lix.systems/lix-project/lix/archive/main.tar.gz"
      }
    },
    "lix-module": {
      "inputs": {
        "flake-utils": "flake-utils_2",
        "flakey-profile": "flakey-profile",
        "lix": [
          "lix"
        ],
        "nixpkgs": [
          "nixpkgs"
        ]
      },
      "locked": {
        "lastModified": 1767364176,
        "narHash": "sha256-l6YdEBYQxXjD8ujqvc0tKdwWc3K8UQOi+E4Y3DKQ318=",
        "rev": "1688100bba140492658d597f6b307c327f35c780",
        "type": "tarball",
        "url": "https://git.lix.systems/api/v1/repos/lix-project/nixos-module/archive/1688100bba140492658d597f6b307c327f35c780.tar.gz"
      },
      "original": {
        "type": "tarball",
        "url": "https://git.lix.systems/lix-project/nixos-module/archive/main.tar.gz"
      }
    },
    "nix-index-database": {
      "inputs": {
        "nixpkgs": [
          "nixpkgs"
        ]
      },
      "locked": {
        "lastModified": 1771734689,
        "narHash": "sha256-/phvMgr1yutyAMjKnZlxkVplzxHiz60i4rc+gKzpwhg=",
        "owner": "nix-community",
        "repo": "nix-index-database",
        "rev": "8f590b832326ab9699444f3a48240595954a4b10",
        "type": "github"
      },
      "original": {
        "owner": "nix-community",
        "repo": "nix-index-database",
        "type": "github"
      }
    },
    "nixpkgs": {
      "locked": {
        "lastModified": 1771848320,
        "narHash": "sha256-0MAd+0mun3K/Ns8JATeHT1sX28faLII5hVLq0L3BdZU=",
        "owner": "nixos",
        "repo": "nixpkgs",
        "rev": "2fc6539b481e1d2569f25f8799236694180c0993",
        "type": "github"
      },
      "original": {
        "owner": "nixos",
        "ref": "nixos-unstable",
        "repo": "nixpkgs",
        "type": "github"
      }
    },
    "nixpkgs-stable": {
      "locked": {
        "lastModified": 1771903837,
        "narHash": "sha256-sdaqdnsQCv3iifzxwB22tUwN/fSHoN7j2myFW5EIkGk=",
        "owner": "nixos",
        "repo": "nixpkgs",
        "rev": "e764fc9a405871f1f6ca3d1394fb422e0a0c3951",
        "type": "github"
      },
      "original": {
        "owner": "nixos",
        "ref": "nixos-25.11",
        "repo": "nixpkgs",
        "type": "github"
      }
    },
    "root": {
      "inputs": {
        "agenix": "agenix",
        "catppuccin": "catppuccin",
        "ctp-trippy": "ctp-trippy",
        "disko": "disko",
        "flake-utils-plus": "flake-utils-plus",
        "home-manager": "home-manager",
        "impermanence": "impermanence",
        "lix": "lix",
        "lix-module": "lix-module",
        "nix-index-database": "nix-index-database",
        "nixpkgs": "nixpkgs",
        "nixpkgs-stable": "nixpkgs-stable",
        "rycee-nur": "rycee-nur",
        "snowfall-lib": "snowfall-lib",
        "storage": "storage",
        "wrappers": "wrappers",
        "zen-browser": "zen-browser"
      }
    },
    "rycee-nur": {
      "flake": false,
      "locked": {
        "lastModified": 1771918157,
        "narHash": "sha256-MU/9oxyXCRKyAskjSgku8P7r0XpQiE50tvDKkNDveJg=",
        "owner": "rycee",
        "repo": "nur-expressions",
        "rev": "921c0db962c553e972d59c3563d29fd575437f03",
        "type": "gitlab"
      },
      "original": {
        "owner": "rycee",
        "repo": "nur-expressions",
        "type": "gitlab"
      }
    },
    "snowfall-lib": {
      "inputs": {
        "flake-compat": "flake-compat",
        "flake-utils-plus": [
          "flake-utils-plus"
        ],
        "nixpkgs": [
          "nixpkgs"
        ]
      },
      "locked": {
        "lastModified": 1768690217,
        "narHash": "sha256-7ddUeLJu3s0Fxk0WRIHPStAZh3jcwC9+FTTzZsO6j6E=",
        "owner": "snowfallorg",
        "repo": "lib",
        "rev": "e66423e29b722122f878cd4f332ed656fdb3dec4",
        "type": "github"
      },
      "original": {
        "owner": "snowfallorg",
        "repo": "lib",
        "rev": "e66423e29b722122f878cd4f332ed656fdb3dec4",
        "type": "github"
      }
    },
    "storage": {
      "flake": false,
      "locked": {
        "lastModified": 1754993661,
        "narHash": "sha256-LxKjbrOC46ul9T9Nm4o9Fl3Y29MUYKBGdDsWPS/TU4Y=",
        "owner": "PerchunPak",
        "repo": "storage",
        "rev": "ae69d69b3323ea56b86c7ec2c07f3ece677dfb20",
        "type": "github"
      },
      "original": {
        "owner": "PerchunPak",
        "repo": "storage",
        "type": "github"
      }
    },
    "systems": {
      "locked": {
        "lastModified": 1681028828,
        "narHash": "sha256-Vy1rq5AaRuLzOxct8nz4T6wlgyUR7zLU309k9mBC768=",
        "owner": "nix-systems",
        "repo": "default",
        "rev": "da67096a3b9bf56a91d16901293e51ba5b49a27e",
        "type": "github"
      },
      "original": {
        "owner": "nix-systems",
        "repo": "default",
        "type": "github"
      }
    },
    "systems_2": {
      "locked": {
        "lastModified": 1681028828,
        "narHash": "sha256-Vy1rq5AaRuLzOxct8nz4T6wlgyUR7zLU309k9mBC768=",
        "owner": "nix-systems",
        "repo": "default",
        "rev": "da67096a3b9bf56a91d16901293e51ba5b49a27e",
        "type": "github"
      },
      "original": {
        "owner": "nix-systems",
        "repo": "default",
        "type": "github"
      }
    },
    "systems_3": {
      "locked": {
        "lastModified": 1681028828,
        "narHash": "sha256-Vy1rq5AaRuLzOxct8nz4T6wlgyUR7zLU309k9mBC768=",
        "owner": "nix-systems",
        "repo": "default",
        "rev": "da67096a3b9bf56a91d16901293e51ba5b49a27e",
        "type": "github"
      },
      "original": {
        "owner": "nix-systems",
        "repo": "default",
        "type": "github"
      }
    },
    "wrappers": {
      "inputs": {
        "nixpkgs": [
          "nixpkgs"
        ]
      },
      "locked": {
        "lastModified": 1771743990,
        "narHash": "sha256-KNTuqLytdRE0MVhM1hd3IJTlcOG6In/6klbiEDWYOaA=",
        "owner": "BirdeeHub",
        "repo": "nix-wrapper-modules",
        "rev": "0ea455457dac3de9129498f5c50a35153ab56484",
        "type": "github"
      },
      "original": {
        "owner": "BirdeeHub",
        "repo": "nix-wrapper-modules",
        "type": "github"
      }
    },
    "zen-browser": {
      "inputs": {
        "home-manager": [
          "home-manager"
        ],
        "nixpkgs": [
          "nixpkgs"
        ]
      },
      "locked": {
        "lastModified": 1771876204,
        "narHash": "sha256-nTX+Qa3W+xsFxBl+lr4RsWvC4vgZocLt/qDeIvnf4+w=",
        "owner": "0xc000022070",
        "repo": "zen-browser-flake",
        "rev": "2f951adfab1f5a090fe5ea4c5eaf11efca7f1039",
        "type": "github"
      },
      "original": {
        "owner": "0xc000022070",
        "repo": "zen-browser-flake",
        "type": "github"
      }
    }
  },
  "root": "root",
  "version": 7
}
