name: update-flake-lock
on:
  workflow_dispatch:
  schedule:
    - cron: '0 3 */3 * *' # https://crontab.guru/#0_3_*/3_*_*

jobs:
  lockfile:
    runs-on: ubuntu-latest
    steps:
      - name: Checkout repository
        uses: actions/checkout@v4

      - name: Install Nix
        uses: DeterminateSystems/nix-installer-action@v1

      - name: Update flake.lock
        uses: DeterminateSystems/update-flake-lock@v21
